// !$*UTF8*$!
{
	archiveVersion = 1;
	classes = {
	};
	objectVersion = 52;
	objects = {

/* Begin PBXBuildFile section */
		3154EC0926DFD01800D69F22 /* Assets.xcassets in Resources */ = {isa = PBXBuildFile; fileRef = 3154EC0826DFD01800D69F22 /* Assets.xcassets */; };
		3154EC1526DFD1F500D69F22 /* ComposablePresentation in Frameworks */ = {isa = PBXBuildFile; productRef = 3154EC1426DFD1F500D69F22 /* ComposablePresentation */; };
		3154EC1726DFD41700D69F22 /* App.swift in Sources */ = {isa = PBXBuildFile; fileRef = 3154EC1626DFD41700D69F22 /* App.swift */; };
		3156F63F274253D700CA965F /* SwitchStoreExample.swift in Sources */ = {isa = PBXBuildFile; fileRef = 3156F63E274253D700CA965F /* SwitchStoreExample.swift */; };
		31817E682950A982000BC1C3 /* DestinationExample.swift in Sources */ = {isa = PBXBuildFile; fileRef = 31817E672950A982000BC1C3 /* DestinationExample.swift */; };
		3195775C27415EF100FFA9EB /* PopToRootExample.swift in Sources */ = {isa = PBXBuildFile; fileRef = 3195775B27415EF100FFA9EB /* PopToRootExample.swift */; };
		31D7D9B42740907F001699F4 /* NavigationLinkExample.swift in Sources */ = {isa = PBXBuildFile; fileRef = 31D7D9B32740907F001699F4 /* NavigationLinkExample.swift */; };
		31D7D9B62740909C001699F4 /* TimerFeature.swift in Sources */ = {isa = PBXBuildFile; fileRef = 31D7D9B52740909C001699F4 /* TimerFeature.swift */; };
		31D7D9BA274096B6001699F4 /* ForEachStoreExample.swift in Sources */ = {isa = PBXBuildFile; fileRef = 31D7D9B9274096B6001699F4 /* ForEachStoreExample.swift */; };
		31D7D9BC274099F2001699F4 /* SheetExample.swift in Sources */ = {isa = PBXBuildFile; fileRef = 31D7D9BB274099F2001699F4 /* SheetExample.swift */; };
		31D7D9BE27409B99001699F4 /* FullScreenCoverExample.swift in Sources */ = {isa = PBXBuildFile; fileRef = 31D7D9BD27409B99001699F4 /* FullScreenCoverExample.swift */; };
		31F8124327C5A2F400AFC10A /* NavigationLinkSelectionExample.swift in Sources */ = {isa = PBXBuildFile; fileRef = 31F8124227C5A2F400AFC10A /* NavigationLinkSelectionExample.swift */; };
/* End PBXBuildFile section */

/* Begin PBXFileReference section */
		3154EC0126DFD01700D69F22 /* Example.app */ = {isa = PBXFileReference; explicitFileType = wrapper.application; includeInIndex = 0; path = Example.app; sourceTree = BUILT_PRODUCTS_DIR; };
		3154EC0826DFD01800D69F22 /* Assets.xcassets */ = {isa = PBXFileReference; lastKnownFileType = folder.assetcatalog; path = Assets.xcassets; sourceTree = "<group>"; };
		3154EC0D26DFD01800D69F22 /* Info.plist */ = {isa = PBXFileReference; lastKnownFileType = text.plist.xml; path = Info.plist; sourceTree = "<group>"; };
		3154EC1626DFD41700D69F22 /* App.swift */ = {isa = PBXFileReference; lastKnownFileType = sourcecode.swift; path = App.swift; sourceTree = "<group>"; };
		3156F63E274253D700CA965F /* SwitchStoreExample.swift */ = {isa = PBXFileReference; lastKnownFileType = sourcecode.swift; path = SwitchStoreExample.swift; sourceTree = "<group>"; };
		31817E672950A982000BC1C3 /* DestinationExample.swift */ = {isa = PBXFileReference; lastKnownFileType = sourcecode.swift; path = DestinationExample.swift; sourceTree = "<group>"; };
		3195775B27415EF100FFA9EB /* PopToRootExample.swift */ = {isa = PBXFileReference; lastKnownFileType = sourcecode.swift; path = PopToRootExample.swift; sourceTree = "<group>"; };
		31D7D9B32740907F001699F4 /* NavigationLinkExample.swift */ = {isa = PBXFileReference; lastKnownFileType = sourcecode.swift; path = NavigationLinkExample.swift; sourceTree = "<group>"; };
		31D7D9B52740909C001699F4 /* TimerFeature.swift */ = {isa = PBXFileReference; lastKnownFileType = sourcecode.swift; path = TimerFeature.swift; sourceTree = "<group>"; };
		31D7D9B9274096B6001699F4 /* ForEachStoreExample.swift */ = {isa = PBXFileReference; lastKnownFileType = sourcecode.swift; path = ForEachStoreExample.swift; sourceTree = "<group>"; };
		31D7D9BB274099F2001699F4 /* SheetExample.swift */ = {isa = PBXFileReference; lastKnownFileType = sourcecode.swift; path = SheetExample.swift; sourceTree = "<group>"; };
		31D7D9BD27409B99001699F4 /* FullScreenCoverExample.swift */ = {isa = PBXFileReference; lastKnownFileType = sourcecode.swift; path = FullScreenCoverExample.swift; sourceTree = "<group>"; };
		31F8124227C5A2F400AFC10A /* NavigationLinkSelectionExample.swift */ = {isa = PBXFileReference; lastKnownFileType = sourcecode.swift; path = NavigationLinkSelectionExample.swift; sourceTree = "<group>"; };
/* End PBXFileReference section */

/* Begin PBXFrameworksBuildPhase section */
		3154EBFE26DFD01700D69F22 /* Frameworks */ = {
			isa = PBXFrameworksBuildPhase;
			buildActionMask = 2147483647;
			files = (
				3154EC1526DFD1F500D69F22 /* ComposablePresentation in Frameworks */,
			);
			runOnlyForDeploymentPostprocessing = 0;
		};
/* End PBXFrameworksBuildPhase section */

/* Begin PBXGroup section */
		3154EBF826DFD01700D69F22 = {
			isa = PBXGroup;
			children = (
				3154EC0326DFD01700D69F22 /* Example */,
				3154EC0226DFD01700D69F22 /* Products */,
			);
			sourceTree = "<group>";
		};
		3154EC0226DFD01700D69F22 /* Products */ = {
			isa = PBXGroup;
			children = (
				3154EC0126DFD01700D69F22 /* Example.app */,
			);
			name = Products;
			sourceTree = "<group>";
		};
		3154EC0326DFD01700D69F22 /* Example */ = {
			isa = PBXGroup;
			children = (
				3154EC1626DFD41700D69F22 /* App.swift */,
				31D7D9BB274099F2001699F4 /* SheetExample.swift */,
				31D7D9BD27409B99001699F4 /* FullScreenCoverExample.swift */,
				31D7D9B32740907F001699F4 /* NavigationLinkExample.swift */,
				31F8124227C5A2F400AFC10A /* NavigationLinkSelectionExample.swift */,
				31D7D9B9274096B6001699F4 /* ForEachStoreExample.swift */,
				3195775B27415EF100FFA9EB /* PopToRootExample.swift */,
				3156F63E274253D700CA965F /* SwitchStoreExample.swift */,
				31817E672950A982000BC1C3 /* DestinationExample.swift */,
				31D7D9B52740909C001699F4 /* TimerFeature.swift */,
				3154EC0826DFD01800D69F22 /* Assets.xcassets */,
				3154EC0D26DFD01800D69F22 /* Info.plist */,
			);
			path = Example;
			sourceTree = "<group>";
		};
/* End PBXGroup section */

/* Begin PBXNativeTarget section */
		3154EC0026DFD01700D69F22 /* Example */ = {
			isa = PBXNativeTarget;
			buildConfigurationList = 3154EC1026DFD01800D69F22 /* Build configuration list for PBXNativeTarget "Example" */;
			buildPhases = (
				3154EBFD26DFD01700D69F22 /* Sources */,
				3154EBFE26DFD01700D69F22 /* Frameworks */,
				3154EBFF26DFD01700D69F22 /* Resources */,
			);
			buildRules = (
			);
			dependencies = (
			);
			name = Example;
			packageProductDependencies = (
				3154EC1426DFD1F500D69F22 /* ComposablePresentation */,
			);
			productName = Example;
			productReference = 3154EC0126DFD01700D69F22 /* Example.app */;
			productType = "com.apple.product-type.application";
		};
/* End PBXNativeTarget section */

/* Begin PBXProject section */
		3154EBF926DFD01700D69F22 /* Project object */ = {
			isa = PBXProject;
			attributes = {
				LastSwiftUpdateCheck = 1250;
				LastUpgradeCheck = 1250;
				TargetAttributes = {
					3154EC0026DFD01700D69F22 = {
						CreatedOnToolsVersion = 12.5.1;
					};
				};
			};
			buildConfigurationList = 3154EBFC26DFD01700D69F22 /* Build configuration list for PBXProject "Example" */;
			compatibilityVersion = "Xcode 9.3";
			developmentRegion = en;
			hasScannedForEncodings = 0;
			knownRegions = (
				en,
				Base,
			);
			mainGroup = 3154EBF826DFD01700D69F22;
			productRefGroup = 3154EC0226DFD01700D69F22 /* Products */;
			projectDirPath = "";
			projectRoot = "";
			targets = (
				3154EC0026DFD01700D69F22 /* Example */,
			);
		};
/* End PBXProject section */

/* Begin PBXResourcesBuildPhase section */
		3154EBFF26DFD01700D69F22 /* Resources */ = {
			isa = PBXResourcesBuildPhase;
			buildActionMask = 2147483647;
			files = (
				3154EC0926DFD01800D69F22 /* Assets.xcassets in Resources */,
			);
			runOnlyForDeploymentPostprocessing = 0;
		};
/* End PBXResourcesBuildPhase section */

/* Begin PBXSourcesBuildPhase section */
		3154EBFD26DFD01700D69F22 /* Sources */ = {
			isa = PBXSourcesBuildPhase;
			buildActionMask = 2147483647;
			files = (
				31D7D9B62740909C001699F4 /* TimerFeature.swift in Sources */,
				31D7D9BE27409B99001699F4 /* FullScreenCoverExample.swift in Sources */,
				31D7D9B42740907F001699F4 /* NavigationLinkExample.swift in Sources */,
				3195775C27415EF100FFA9EB /* PopToRootExample.swift in Sources */,
				31D7D9BC274099F2001699F4 /* SheetExample.swift in Sources */,
				3156F63F274253D700CA965F /* SwitchStoreExample.swift in Sources */,
				31D7D9BA274096B6001699F4 /* ForEachStoreExample.swift in Sources */,
				31817E682950A982000BC1C3 /* DestinationExample.swift in Sources */,
				31F8124327C5A2F400AFC10A /* NavigationLinkSelectionExample.swift in Sources */,
				3154EC1726DFD41700D69F22 /* App.swift in Sources */,
			);
			runOnlyForDeploymentPostprocessing = 0;
		};
/* End PBXSourcesBuildPhase section */

/* Begin XCBuildConfiguration section */
		3154EC0E26DFD01800D69F22 /* Debug */ = {
			isa = XCBuildConfiguration;
			buildSettings = {
				ALWAYS_SEARCH_USER_PATHS = NO;
				CLANG_ANALYZER_NONNULL = YES;
				CLANG_ANALYZER_NUMBER_OBJECT_CONVERSION = YES_AGGRESSIVE;
				CLANG_CXX_LANGUAGE_STANDARD = "gnu++14";
				CLANG_CXX_LIBRARY = "libc++";
				CLANG_ENABLE_MODULES = YES;
				CLANG_ENABLE_OBJC_ARC = YES;
				CLANG_ENABLE_OBJC_WEAK = YES;
				CLANG_WARN_BLOCK_CAPTURE_AUTORELEASING = YES;
				CLANG_WARN_BOOL_CONVERSION = YES;
				CLANG_WARN_COMMA = YES;
				CLANG_WARN_CONSTANT_CONVERSION = YES;
				CLANG_WARN_DEPRECATED_OBJC_IMPLEMENTATIONS = YES;
				CLANG_WARN_DIRECT_OBJC_ISA_USAGE = YES_ERROR;
				CLANG_WARN_DOCUMENTATION_COMMENTS = YES;
				CLANG_WARN_EMPTY_BODY = YES;
				CLANG_WARN_ENUM_CONVERSION = YES;
				CLANG_WARN_INFINITE_RECURSION = YES;
				CLANG_WARN_INT_CONVERSION = YES;
				CLANG_WARN_NON_LITERAL_NULL_CONVERSION = YES;
				CLANG_WARN_OBJC_IMPLICIT_RETAIN_SELF = YES;
				CLANG_WARN_OBJC_LITERAL_CONVERSION = YES;
				CLANG_WARN_OBJC_ROOT_CLASS = YES_ERROR;
				CLANG_WARN_QUOTED_INCLUDE_IN_FRAMEWORK_HEADER = YES;
				CLANG_WARN_RANGE_LOOP_ANALYSIS = YES;
				CLANG_WARN_STRICT_PROTOTYPES = YES;
				CLANG_WARN_SUSPICIOUS_MOVE = YES;
				CLANG_WARN_UNGUARDED_AVAILABILITY = YES_AGGRESSIVE;
				CLANG_WARN_UNREACHABLE_CODE = YES;
				CLANG_WARN__DUPLICATE_METHOD_MATCH = YES;
				COPY_PHASE_STRIP = NO;
				DEBUG_INFORMATION_FORMAT = dwarf;
				ENABLE_STRICT_OBJC_MSGSEND = YES;
				ENABLE_TESTABILITY = YES;
				GCC_C_LANGUAGE_STANDARD = gnu11;
				GCC_DYNAMIC_NO_PIC = NO;
				GCC_NO_COMMON_BLOCKS = YES;
				GCC_OPTIMIZATION_LEVEL = 0;
				GCC_PREPROCESSOR_DEFINITIONS = (
					"DEBUG=1",
					"$(inherited)",
				);
				GCC_WARN_64_TO_32_BIT_CONVERSION = YES;
				GCC_WARN_ABOUT_RETURN_TYPE = YES_ERROR;
				GCC_WARN_UNDECLARED_SELECTOR = YES;
				GCC_WARN_UNINITIALIZED_AUTOS = YES_AGGRESSIVE;
				GCC_WARN_UNUSED_FUNCTION = YES;
				GCC_WARN_UNUSED_VARIABLE = YES;
				IPHONEOS_DEPLOYMENT_TARGET = 14.5;
				MTL_ENABLE_DEBUG_INFO = INCLUDE_SOURCE;
				MTL_FAST_MATH = YES;
				ONLY_ACTIVE_ARCH = YES;
				SDKROOT = iphoneos;
				SWIFT_ACTIVE_COMPILATION_CONDITIONS = DEBUG;
				SWIFT_OPTIMIZATION_LEVEL = "-Onone";
			};
			name = Debug;
		};
		3154EC0F26DFD01800D69F22 /* Release */ = {
			isa = XCBuildConfiguration;
			buildSettings = {
				ALWAYS_SEARCH_USER_PATHS = NO;
				CLANG_ANALYZER_NONNULL = YES;
				CLANG_ANALYZER_NUMBER_OBJECT_CONVERSION = YES_AGGRESSIVE;
				CLANG_CXX_LANGUAGE_STANDARD = "gnu++14";
				CLANG_CXX_LIBRARY = "libc++";
				CLANG_ENABLE_MODULES = YES;
				CLANG_ENABLE_OBJC_ARC = YES;
				CLANG_ENABLE_OBJC_WEAK = YES;
				CLANG_WARN_BLOCK_CAPTURE_AUTORELEASING = YES;
				CLANG_WARN_BOOL_CONVERSION = YES;
				CLANG_WARN_COMMA = YES;
				CLANG_WARN_CONSTANT_CONVERSION = YES;
				CLANG_WARN_DEPRECATED_OBJC_IMPLEMENTATIONS = YES;
				CLANG_WARN_DIRECT_OBJC_ISA_USAGE = YES_ERROR;
				CLANG_WARN_DOCUMENTATION_COMMENTS = YES;
				CLANG_WARN_EMPTY_BODY = YES;
				CLANG_WARN_ENUM_CONVERSION = YES;
				CLANG_WARN_INFINITE_RECURSION = YES;
				CLANG_WARN_INT_CONVERSION = YES;
				CLANG_WARN_NON_LITERAL_NULL_CONVERSION = YES;
				CLANG_WARN_OBJC_IMPLICIT_RETAIN_SELF = YES;
				CLANG_WARN_OBJC_LITERAL_CONVERSION = YES;
				CLANG_WARN_OBJC_ROOT_CLASS = YES_ERROR;
				CLANG_WARN_QUOTED_INCLUDE_IN_FRAMEWORK_HEADER = YES;
				CLANG_WARN_RANGE_LOOP_ANALYSIS = YES;
				CLANG_WARN_STRICT_PROTOTYPES = YES;
				CLANG_WARN_SUSPICIOUS_MOVE = YES;
				CLANG_WARN_UNGUARDED_AVAILABILITY = YES_AGGRESSIVE;
				CLANG_WARN_UNREACHABLE_CODE = YES;
				CLANG_WARN__DUPLICATE_METHOD_MATCH = YES;
				COPY_PHASE_STRIP = NO;
				DEBUG_INFORMATION_FORMAT = "dwarf-with-dsym";
				ENABLE_NS_ASSERTIONS = NO;
				ENABLE_STRICT_OBJC_MSGSEND = YES;
				GCC_C_LANGUAGE_STANDARD = gnu11;
				GCC_NO_COMMON_BLOCKS = YES;
				GCC_WARN_64_TO_32_BIT_CONVERSION = YES;
				GCC_WARN_ABOUT_RETURN_TYPE = YES_ERROR;
				GCC_WARN_UNDECLARED_SELECTOR = YES;
				GCC_WARN_UNINITIALIZED_AUTOS = YES_AGGRESSIVE;
				GCC_WARN_UNUSED_FUNCTION = YES;
				GCC_WARN_UNUSED_VARIABLE = YES;
				IPHONEOS_DEPLOYMENT_TARGET = 14.5;
				MTL_ENABLE_DEBUG_INFO = NO;
				MTL_FAST_MATH = YES;
				SDKROOT = iphoneos;
				SWIFT_COMPILATION_MODE = wholemodule;
				SWIFT_OPTIMIZATION_LEVEL = "-O";
				VALIDATE_PRODUCT = YES;
			};
			name = Release;
		};
		3154EC1126DFD01800D69F22 /* Debug */ = {
			isa = XCBuildConfiguration;
			buildSettings = {
				ASSETCATALOG_COMPILER_APPICON_NAME = AppIcon;
				ASSETCATALOG_COMPILER_GLOBAL_ACCENT_COLOR_NAME = AccentColor;
				CODE_SIGN_STYLE = Manual;
				CURRENT_PROJECT_VERSION = 0;
				ENABLE_PREVIEWS = YES;
				INFOPLIST_FILE = Example/Info.plist;
				IPHONEOS_DEPLOYMENT_TARGET = 14.0;
				LD_RUNPATH_SEARCH_PATHS = (
					"$(inherited)",
					"@executable_path/Frameworks",
				);
				MARKETING_VERSION = 1.0.0;
				PRODUCT_BUNDLE_IDENTIFIER = pl.darrarski.Example;
				PRODUCT_NAME = "$(TARGET_NAME)";
				PROVISIONING_PROFILE_SPECIFIER = "";
				SWIFT_VERSION = 5.0;
				TARGETED_DEVICE_FAMILY = "1,2";
				VERSIONING_SYSTEM = "apple-generic";
			};
			name = Debug;
		};
		3154EC1226DFD01800D69F22 /* Release */ = {
			isa = XCBuildConfiguration;
			buildSettings = {
				ASSETCATALOG_COMPILER_APPICON_NAME = AppIcon;
				ASSETCATALOG_COMPILER_GLOBAL_ACCENT_COLOR_NAME = AccentColor;
				CODE_SIGN_STYLE = Manual;
				CURRENT_PROJECT_VERSION = 0;
				ENABLE_PREVIEWS = YES;
				INFOPLIST_FILE = Example/Info.plist;
				IPHONEOS_DEPLOYMENT_TARGET = 14.0;
				LD_RUNPATH_SEARCH_PATHS = (
					"$(inherited)",
					"@executable_path/Frameworks",
				);
				MARKETING_VERSION = 1.0.0;
				PRODUCT_BUNDLE_IDENTIFIER = pl.darrarski.Example;
				PRODUCT_NAME = "$(TARGET_NAME)";
				PROVISIONING_PROFILE_SPECIFIER = "";
				SWIFT_VERSION = 5.0;
				TARGETED_DEVICE_FAMILY = "1,2";
				VERSIONING_SYSTEM = "apple-generic";
			};
			name = Release;
		};
/* End XCBuildConfiguration section */

/* Begin XCConfigurationList section */
		3154EBFC26DFD01700D69F22 /* Build configuration list for PBXProject "Example" */ = {
			isa = XCConfigurationList;
			buildConfigurations = (
				3154EC0E26DFD01800D69F22 /* Debug */,
				3154EC0F26DFD01800D69F22 /* Release */,
			);
			defaultConfigurationIsVisible = 0;
			defaultConfigurationName = Release;
		};
		3154EC1026DFD01800D69F22 /* Build configuration list for PBXNativeTarget "Example" */ = {
			isa = XCConfigurationList;
			buildConfigurations = (
				3154EC1126DFD01800D69F22 /* Debug */,
				3154EC1226DFD01800D69F22 /* Release */,
			);
			defaultConfigurationIsVisible = 0;
			defaultConfigurationName = Release;
		};
/* End XCConfigurationList section */

/* Begin XCSwiftPackageProductDependency section */
		3154EC1426DFD1F500D69F22 /* ComposablePresentation */ = {
			isa = XCSwiftPackageProductDependency;
			productName = ComposablePresentation;
		};
/* End XCSwiftPackageProductDependency section */
	};
	rootObject = 3154EBF926DFD01700D69F22 /* Project object */;
}
